
Microsoft Visual Studio Solution File, Format Version 12.00
# Visual Studio Version 17
VisualStudioVersion = 17.9.34728.123
MinimumVisualStudioVersion = 10.0.40219.1
Project("{FAE04EC0-301F-11D3-BF4B-00C04F79EFBC}") = "ConsoleApp1", "ConsoleApp1\ConsoleApp1.csproj", "{717D4981-8B44-4F54-A3E0-B2721DF51405}"
EndProject
Global
	GlobalSection(SolutionConfigurationPlatforms) = preSolution
		Debug|Any CPU = Debug|Any CPU
		Release|Any CPU = Release|Any CPU
	EndGlobalSection
	GlobalSection(ProjectConfigurationPlatforms) = postSolution
		{717D4981-8B44-4F54-A3E0-B2721DF51405}.Debug|Any CPU.ActiveCfg = Debug|Any CPU
		{717D4981-8B44-4F54-A3E0-B2721DF51405}.Debug|Any CPU.Build.0 = Debug|Any CPU
		{717D4981-8B44-4F54-A3E0-B2721DF51405}.Release|Any CPU.ActiveCfg = Release|Any CPU
		{717D4981-8B44-4F54-A3E0-B2721DF51405}.Release|Any CPU.Build.0 = Release|Any CPU
	EndGlobalSection
	GlobalSection(SolutionProperties) = preSolution
		HideSolutionNode = FALSE
	EndGlobalSection
	GlobalSection(ExtensibilityGlobals) = postSolution
		SolutionGuid = {C225E932-6BDA-4426-A6E2-94C18B3EB05B}
	EndGlobalSection
EndGlobal
